// !$*UTF8*$!
{
	archiveVersion = 1;
	classes = {
	};
	objectVersion = 77;
	objects = {

/* Begin PBXContainerItemProxy section */
		F33464552DD30F77005B0AF4 /* PBXContainerItemProxy */ = {
			isa = PBXContainerItemProxy;
			containerPortal = F334643C2DD30F76005B0AF4 /* Project object */;
			proxyType = 1;
			remoteGlobalIDString = F33464432DD30F76005B0AF4;
			remoteInfo = Hackathon2025;
		};
		F334645F2DD30F77005B0AF4 /* PBXContainerItemProxy */ = {
			isa = PBXContainerItemProxy;
			containerPortal = F334643C2DD30F76005B0AF4 /* Project object */;
			proxyType = 1;
			remoteGlobalIDString = F33464432DD30F76005B0AF4;
			remoteInfo = Hackathon2025;
		};
/* End PBXContainerItemProxy section */

/* Begin PBXFileReference section */
		F33464442DD30F76005B0AF4 /* Hackathon2025.app */ = {isa = PBXFileReference; explicitFileType = wrapper.application; includeInIndex = 0; path = Hackathon2025.app; sourceTree = BUILT_PRODUCTS_DIR; };
		F33464542DD30F77005B0AF4 /* Hackathon2025Tests.xctest */ = {isa = PBXFileReference; explicitFileType = wrapper.cfbundle; includeInIndex = 0; path = Hackathon2025Tests.xctest; sourceTree = BUILT_PRODUCTS_DIR; };
		F334645E2DD30F77005B0AF4 /* Hackathon2025UITests.xctest */ = {isa = PBXFileReference; explicitFileType = wrapper.cfbundle; includeInIndex = 0; path = Hackathon2025UITests.xctest; sourceTree = BUILT_PRODUCTS_DIR; };
/* End PBXFileReference section */

/* Begin PBXFileSystemSynchronizedBuildFileExceptionSet section */
		F3E11A052DD3E527009A1B9E /* Exceptions for "Hackathon2025" folder in "Hackathon2025" target */ = {
			isa = PBXFileSystemSynchronizedBuildFileExceptionSet;
			membershipExceptions = (
				.swift,
			);
			target = F33464432DD30F76005B0AF4 /* Hackathon2025 */;
		};
/* End PBXFileSystemSynchronizedBuildFileExceptionSet section */

/* Begin PBXFileSystemSynchronizedGroupBuildPhaseMembershipExceptionSet section */
		F3E11A062DD3E527009A1B9E /* Exceptions for "Hackathon2025" folder in "Compile Sources" phase from "Hackathon2025" target */ = {
			isa = PBXFileSystemSynchronizedGroupBuildPhaseMembershipExceptionSet;
			buildPhase = F33464402DD30F76005B0AF4 /* Sources */;
			membershipExceptions = (
				.swift,
			);
		};
/* End PBXFileSystemSynchronizedGroupBuildPhaseMembershipExceptionSet section */

/* Begin PBXFileSystemSynchronizedRootGroup section */
		F33464462DD30F76005B0AF4 /* Hackathon2025 */ = {
			isa = PBXFileSystemSynchronizedRootGroup;
			exceptions = (
				F3E11A052DD3E527009A1B9E /* Exceptions for "Hackathon2025" folder in "Hackathon2025" target */,
				F3E11A062DD3E527009A1B9E /* Exceptions for "Hackathon2025" folder in "Compile Sources" phase from "Hackathon2025" target */,
			);
			path = Hackathon2025;
			sourceTree = "<group>";
		};
		F33464572DD30F77005B0AF4 /* Hackathon2025Tests */ = {
			isa = PBXFileSystemSynchronizedRootGroup;
			path = Hackathon2025Tests;
			sourceTree = "<group>";
		};
		F33464612DD30F77005B0AF4 /* Hackathon2025UITests */ = {
			isa = PBXFileSystemSynchronizedRootGroup;
			path = Hackathon2025UITests;
			sourceTree = "<group>";
		};
/* End PBXFileSystemSynchronizedRootGroup section */

/* Begin PBXFrameworksBuildPhase section */
		F33464412DD30F76005B0AF4 /* Frameworks */ = {
			isa = PBXFrameworksBuildPhase;
			buildActionMask = 2147483647;
			files = (
			);
			runOnlyForDeploymentPostprocessing = 0;
		};
		F33464512DD30F77005B0AF4 /* Frameworks */ = {
			isa = PBXFrameworksBuildPhase;
			buildActionMask = 2147483647;
			files = (
			);
			runOnlyForDeploymentPostprocessing = 0;
		};
		F334645B2DD30F77005B0AF4 /* Frameworks */ = {
			isa = PBXFrameworksBuildPhase;
			buildActionMask = 2147483647;
			files = (
			);
			runOnlyForDeploymentPostprocessing = 0;
		};
/* End PBXFrameworksBuildPhase section */

/* Begin PBXGroup section */
		F334643B2DD30F76005B0AF4 = {
			isa = PBXGroup;
			children = (
				F33464462DD30F76005B0AF4 /* Hackathon2025 */,
				F33464572DD30F77005B0AF4 /* Hackathon2025Tests */,
				F33464612DD30F77005B0AF4 /* Hackathon2025UITests */,
				F33464452DD30F76005B0AF4 /* Products */,
			);
			sourceTree = "<group>";
		};
		F33464452DD30F76005B0AF4 /* Products */ = {
			isa = PBXGroup;
			children = (
				F33464442DD30F76005B0AF4 /* Hackathon2025.app */,
				F33464542DD30F77005B0AF4 /* Hackathon2025Tests.xctest */,
				F334645E2DD30F77005B0AF4 /* Hackathon2025UITests.xctest */,
			);
			name = Products;
			sourceTree = "<group>";
		};
/* End PBXGroup section */

/* Begin PBXNativeTarget section */
		F33464432DD30F76005B0AF4 /* Hackathon2025 */ = {
			isa = PBXNativeTarget;
			buildConfigurationList = F33464682DD30F77005B0AF4 /* Build configuration list for PBXNativeTarget "Hackathon2025" */;
			buildPhases = (
				F33464402DD30F76005B0AF4 /* Sources */,
				F33464412DD30F76005B0AF4 /* Frameworks */,
				F33464422DD30F76005B0AF4 /* Resources */,
			);
			buildRules = (
			);
			dependencies = (
			);
			fileSystemSynchronizedGroups = (
				F33464462DD30F76005B0AF4 /* Hackathon2025 */,
			);
			name = Hackathon2025;
			packageProductDependencies = (
			);
			productName = Hackathon2025;
			productReference = F33464442DD30F76005B0AF4 /* Hackathon2025.app */;
			productType = "com.apple.product-type.application";
		};
		F33464532DD30F77005B0AF4 /* Hackathon2025Tests */ = {
			isa = PBXNativeTarget;
			buildConfigurationList = F334646B2DD30F77005B0AF4 /* Build configuration list for PBXNativeTarget "Hackathon2025Tests" */;
			buildPhases = (
				F33464502DD30F77005B0AF4 /* Sources */,
				F33464512DD30F77005B0AF4 /* Frameworks */,
				F33464522DD30F77005B0AF4 /* Resources */,
			);
			buildRules = (
			);
			dependencies = (
				F33464562DD30F77005B0AF4 /* PBXTargetDependency */,
			);
			fileSystemSynchronizedGroups = (
				F33464572DD30F77005B0AF4 /* Hackathon2025Tests */,
			);
			name = Hackathon2025Tests;
			packageProductDependencies = (
			);
			productName = Hackathon2025Tests;
			productReference = F33464542DD30F77005B0AF4 /* Hackathon2025Tests.xctest */;
			productType = "com.apple.product-type.bundle.unit-test";
		};
		F334645D2DD30F77005B0AF4 /* Hackathon2025UITests */ = {
			isa = PBXNativeTarget;
			buildConfigurationList = F334646E2DD30F77005B0AF4 /* Build configuration list for PBXNativeTarget "Hackathon2025UITests" */;
			buildPhases = (
				F334645A2DD30F77005B0AF4 /* Sources */,
				F334645B2DD30F77005B0AF4 /* Frameworks */,
				F334645C2DD30F77005B0AF4 /* Resources */,
			);
			buildRules = (
			);
			dependencies = (
				F33464602DD30F77005B0AF4 /* PBXTargetDependency */,
			);
			fileSystemSynchronizedGroups = (
				F33464612DD30F77005B0AF4 /* Hackathon2025UITests */,
			);
			name = Hackathon2025UITests;
			packageProductDependencies = (
			);
			productName = Hackathon2025UITests;
			productReference = F334645E2DD30F77005B0AF4 /* Hackathon2025UITests.xctest */;
			productType = "com.apple.product-type.bundle.ui-testing";
		};
/* End PBXNativeTarget section */

/* Begin PBXProject section */
		F334643C2DD30F76005B0AF4 /* Project object */ = {
			isa = PBXProject;
			attributes = {
				BuildIndependentTargetsInParallel = 1;
				LastSwiftUpdateCheck = 1620;
				LastUpgradeCheck = 1620;
				TargetAttributes = {
					F33464432DD30F76005B0AF4 = {
						CreatedOnToolsVersion = 16.2;
					};
					F33464532DD30F77005B0AF4 = {
						CreatedOnToolsVersion = 16.2;
						TestTargetID = F33464432DD30F76005B0AF4;
					};
					F334645D2DD30F77005B0AF4 = {
						CreatedOnToolsVersion = 16.2;
						TestTargetID = F33464432DD30F76005B0AF4;
					};
				};
			};
			buildConfigurationList = F334643F2DD30F76005B0AF4 /* Build configuration list for PBXProject "Hackathon2025" */;
			developmentRegion = en;
			hasScannedForEncodings = 0;
			knownRegions = (
				en,
				Base,
			);
			mainGroup = F334643B2DD30F76005B0AF4;
			minimizedProjectReferenceProxies = 1;
			preferredProjectObjectVersion = 77;
			productRefGroup = F33464452DD30F76005B0AF4 /* Products */;
			projectDirPath = "";
			projectRoot = "";
			targets = (
				F33464432DD30F76005B0AF4 /* Hackathon2025 */,
				F33464532DD30F77005B0AF4 /* Hackathon2025Tests */,
				F334645D2DD30F77005B0AF4 /* Hackathon2025UITests */,
			);
		};
/* End PBXProject section */

/* Begin PBXResourcesBuildPhase section */
		F33464422DD30F76005B0AF4 /* Resources */ = {
			isa = PBXResourcesBuildPhase;
			buildActionMask = 2147483647;
			files = (
			);
			runOnlyForDeploymentPostprocessing = 0;
		};
		F33464522DD30F77005B0AF4 /* Resources */ = {
			isa = PBXResourcesBuildPhase;
			buildActionMask = 2147483647;
			files = (
			);
			runOnlyForDeploymentPostprocessing = 0;
		};
		F334645C2DD30F77005B0AF4 /* Resources */ = {
			isa = PBXResourcesBuildPhase;
			buildActionMask = 2147483647;
			files = (
			);
			runOnlyForDeploymentPostprocessing = 0;
		};
/* End PBXResourcesBuildPhase section */

/* Begin PBXSourcesBuildPhase section */
		F33464402DD30F76005B0AF4 /* Sources */ = {
			isa = PBXSourcesBuildPhase;
			buildActionMask = 2147483647;
			files = (
			);
			runOnlyForDeploymentPostprocessing = 0;
		};
		F33464502DD30F77005B0AF4 /* Sources */ = {
			isa = PBXSourcesBuildPhase;
			buildActionMask = 2147483647;
			files = (
			);
			runOnlyForDeploymentPostprocessing = 0;
		};
		F334645A2DD30F77005B0AF4 /* Sources */ = {
			isa = PBXSourcesBuildPhase;
			buildActionMask = 2147483647;
			files = (
			);
			runOnlyForDeploymentPostprocessing = 0;
		};
/* End PBXSourcesBuildPhase section */

/* Begin PBXTargetDependency section */
		F33464562DD30F77005B0AF4 /* PBXTargetDependency */ = {
			isa = PBXTargetDependency;
			target = F33464432DD30F76005B0AF4 /* Hackathon2025 */;
			targetProxy = F33464552DD30F77005B0AF4 /* PBXContainerItemProxy */;
		};
		F33464602DD30F77005B0AF4 /* PBXTargetDependency */ = {
			isa = PBXTargetDependency;
			target = F33464432DD30F76005B0AF4 /* Hackathon2025 */;
			targetProxy = F334645F2DD30F77005B0AF4 /* PBXContainerItemProxy */;
		};
/* End PBXTargetDependency section */

/* Begin XCBuildConfiguration section */
		F33464662DD30F77005B0AF4 /* Debug */ = {
			isa = XCBuildConfiguration;
			buildSettings = {
				ALWAYS_SEARCH_USER_PATHS = NO;
				ASSETCATALOG_COMPILER_GENERATE_SWIFT_ASSET_SYMBOL_EXTENSIONS = YES;
				CLANG_ANALYZER_NONNULL = YES;
				CLANG_ANALYZER_NUMBER_OBJECT_CONVERSION = YES_AGGRESSIVE;
				CLANG_CXX_LANGUAGE_STANDARD = "gnu++20";
				CLANG_ENABLE_MODULES = YES;
				CLANG_ENABLE_OBJC_ARC = YES;
				CLANG_ENABLE_OBJC_WEAK = YES;
				CLANG_WARN_BLOCK_CAPTURE_AUTORELEASING = YES;
				CLANG_WARN_BOOL_CONVERSION = YES;
				CLANG_WARN_COMMA = YES;
				CLANG_WARN_CONSTANT_CONVERSION = YES;
				CLANG_WARN_DEPRECATED_OBJC_IMPLEMENTATIONS = YES;
				CLANG_WARN_DIRECT_OBJC_ISA_USAGE = YES_ERROR;
				CLANG_WARN_DOCUMENTATION_COMMENTS = YES;
				CLANG_WARN_EMPTY_BODY = YES;
				CLANG_WARN_ENUM_CONVERSION = YES;
				CLANG_WARN_INFINITE_RECURSION = YES;
				CLANG_WARN_INT_CONVERSION = YES;
				CLANG_WARN_NON_LITERAL_NULL_CONVERSION = YES;
				CLANG_WARN_OBJC_IMPLICIT_RETAIN_SELF = YES;
				CLANG_WARN_OBJC_LITERAL_CONVERSION = YES;
				CLANG_WARN_OBJC_ROOT_CLASS = YES_ERROR;
				CLANG_WARN_QUOTED_INCLUDE_IN_FRAMEWORK_HEADER = YES;
				CLANG_WARN_RANGE_LOOP_ANALYSIS = YES;
				CLANG_WARN_STRICT_PROTOTYPES = YES;
				CLANG_WARN_SUSPICIOUS_MOVE = YES;
				CLANG_WARN_UNGUARDED_AVAILABILITY = YES_AGGRESSIVE;
				CLANG_WARN_UNREACHABLE_CODE = YES;
				CLANG_WARN__DUPLICATE_METHOD_MATCH = YES;
				COPY_PHASE_STRIP = NO;
				DEBUG_INFORMATION_FORMAT = dwarf;
				ENABLE_STRICT_OBJC_MSGSEND = YES;
				ENABLE_TESTABILITY = YES;
				ENABLE_USER_SCRIPT_SANDBOXING = YES;
				GCC_C_LANGUAGE_STANDARD = gnu17;
				GCC_DYNAMIC_NO_PIC = NO;
				GCC_NO_COMMON_BLOCKS = YES;
				GCC_OPTIMIZATION_LEVEL = 0;
				GCC_PREPROCESSOR_DEFINITIONS = (
					"DEBUG=1",
					"$(inherited)",
				);
				GCC_WARN_64_TO_32_BIT_CONVERSION = YES;
				GCC_WARN_ABOUT_RETURN_TYPE = YES_ERROR;
				GCC_WARN_UNDECLARED_SELECTOR = YES;
				GCC_WARN_UNINITIALIZED_AUTOS = YES_AGGRESSIVE;
				GCC_WARN_UNUSED_FUNCTION = YES;
				GCC_WARN_UNUSED_VARIABLE = YES;
				IPHONEOS_DEPLOYMENT_TARGET = 18.2;
				LOCALIZATION_PREFERS_STRING_CATALOGS = YES;
				MTL_ENABLE_DEBUG_INFO = INCLUDE_SOURCE;
				MTL_FAST_MATH = YES;
				ONLY_ACTIVE_ARCH = YES;
				SDKROOT = iphoneos;
				SWIFT_ACTIVE_COMPILATION_CONDITIONS = "DEBUG $(inherited)";
				SWIFT_OPTIMIZATION_LEVEL = "-Onone";
			};
			name = Debug;
		};
		F33464672DD30F77005B0AF4 /* Release */ = {
			isa = XCBuildConfiguration;
			buildSettings = {
				ALWAYS_SEARCH_USER_PATHS = NO;
				ASSETCATALOG_COMPILER_GENERATE_SWIFT_ASSET_SYMBOL_EXTENSIONS = YES;
				CLANG_ANALYZER_NONNULL = YES;
				CLANG_ANALYZER_NUMBER_OBJECT_CONVERSION = YES_AGGRESSIVE;
				CLANG_CXX_LANGUAGE_STANDARD = "gnu++20";
				CLANG_ENABLE_MODULES = YES;
				CLANG_ENABLE_OBJC_ARC = YES;
				CLANG_ENABLE_OBJC_WEAK = YES;
				CLANG_WARN_BLOCK_CAPTURE_AUTORELEASING = YES;
				CLANG_WARN_BOOL_CONVERSION = YES;
				CLANG_WARN_COMMA = YES;
				CLANG_WARN_CONSTANT_CONVERSION = YES;
				CLANG_WARN_DEPRECATED_OBJC_IMPLEMENTATIONS = YES;
				CLANG_WARN_DIRECT_OBJC_ISA_USAGE = YES_ERROR;
				CLANG_WARN_DOCUMENTATION_COMMENTS = YES;
				CLANG_WARN_EMPTY_BODY = YES;
				CLANG_WARN_ENUM_CONVERSION = YES;
				CLANG_WARN_INFINITE_RECURSION = YES;
				CLANG_WARN_INT_CONVERSION = YES;
				CLANG_WARN_NON_LITERAL_NULL_CONVERSION = YES;
				CLANG_WARN_OBJC_IMPLICIT_RETAIN_SELF = YES;
				CLANG_WARN_OBJC_LITERAL_CONVERSION = YES;
				CLANG_WARN_OBJC_ROOT_CLASS = YES_ERROR;
				CLANG_WARN_QUOTED_INCLUDE_IN_FRAMEWORK_HEADER = YES;
				CLANG_WARN_RANGE_LOOP_ANALYSIS = YES;
				CLANG_WARN_STRICT_PROTOTYPES = YES;
				CLANG_WARN_SUSPICIOUS_MOVE = YES;
				CLANG_WARN_UNGUARDED_AVAILABILITY = YES_AGGRESSIVE;
				CLANG_WARN_UNREACHABLE_CODE = YES;
				CLANG_WARN__DUPLICATE_METHOD_MATCH = YES;
				COPY_PHASE_STRIP = NO;
				DEBUG_INFORMATION_FORMAT = "dwarf-with-dsym";
				ENABLE_NS_ASSERTIONS = NO;
				ENABLE_STRICT_OBJC_MSGSEND = YES;
				ENABLE_USER_SCRIPT_SANDBOXING = YES;
				GCC_C_LANGUAGE_STANDARD = gnu17;
				GCC_NO_COMMON_BLOCKS = YES;
				GCC_WARN_64_TO_32_BIT_CONVERSION = YES;
				GCC_WARN_ABOUT_RETURN_TYPE = YES_ERROR;
				GCC_WARN_UNDECLARED_SELECTOR = YES;
				GCC_WARN_UNINITIALIZED_AUTOS = YES_AGGRESSIVE;
				GCC_WARN_UNUSED_FUNCTION = YES;
				GCC_WARN_UNUSED_VARIABLE = YES;
				IPHONEOS_DEPLOYMENT_TARGET = 18.2;
				LOCALIZATION_PREFERS_STRING_CATALOGS = YES;
				MTL_ENABLE_DEBUG_INFO = NO;
				MTL_FAST_MATH = YES;
				SDKROOT = iphoneos;
				SWIFT_COMPILATION_MODE = wholemodule;
				VALIDATE_PRODUCT = YES;
			};
			name = Release;
		};
		F33464692DD30F77005B0AF4 /* Debug */ = {
			isa = XCBuildConfiguration;
			buildSettings = {
				ASSETCATALOG_COMPILER_APPICON_NAME = AppIcon;
				ASSETCATALOG_COMPILER_GLOBAL_ACCENT_COLOR_NAME = AccentColor;
				CODE_SIGN_STYLE = Automatic;
				CURRENT_PROJECT_VERSION = 1;
				DEVELOPMENT_ASSET_PATHS = "\"Hackathon2025/Preview Content\"";
				DEVELOPMENT_TEAM = M9G93NFLU2;
				ENABLE_PREVIEWS = YES;
				GENERATE_INFOPLIST_FILE = YES;
				INFOPLIST_KEY_NSCameraUsageDescription = "Utilizar cámara";
				INFOPLIST_KEY_UIApplicationSceneManifest_Generation = YES;
				INFOPLIST_KEY_UIApplicationSupportsIndirectInputEvents = YES;
				INFOPLIST_KEY_UILaunchScreen_Generation = YES;
				INFOPLIST_KEY_UISupportedInterfaceOrientations_iPad = "UIInterfaceOrientationPortrait UIInterfaceOrientationPortraitUpsideDown UIInterfaceOrientationLandscapeLeft UIInterfaceOrientationLandscapeRight";
				INFOPLIST_KEY_UISupportedInterfaceOrientations_iPhone = "UIInterfaceOrientationPortrait UIInterfaceOrientationLandscapeLeft UIInterfaceOrientationLandscapeRight";
				IPHONEOS_DEPLOYMENT_TARGET = 16.6;
				LD_RUNPATH_SEARCH_PATHS = (
					"$(inherited)",
					"@executable_path/Frameworks",
				);
				MARKETING_VERSION = 1.0;
				PRODUCT_BUNDLE_IDENTIFIER = com.ivanovich.Hackathon2025;
				PRODUCT_NAME = "$(TARGET_NAME)";
				SWIFT_EMIT_LOC_STRINGS = YES;
				SWIFT_VERSION = 5.0;
				TARGETED_DEVICE_FAMILY = "1,2";
			};
			name = Debug;
		};
		F334646A2DD30F77005B0AF4 /* Release */ = {
			isa = XCBuildConfiguration;
			buildSettings = {
				ASSETCATALOG_COMPILER_APPICON_NAME = AppIcon;
				ASSETCATALOG_COMPILER_GLOBAL_ACCENT_COLOR_NAME = AccentColor;
				CODE_SIGN_STYLE = Automatic;
				CURRENT_PROJECT_VERSION = 1;
				DEVELOPMENT_ASSET_PATHS = "\"Hackathon2025/Preview Content\"";
				DEVELOPMENT_TEAM = M9G93NFLU2;
				ENABLE_PREVIEWS = YES;
				GENERATE_INFOPLIST_FILE = YES;
				INFOPLIST_KEY_NSCameraUsageDescription = "Utilizar cámara";
				INFOPLIST_KEY_UIApplicationSceneManifest_Generation = YES;
				INFOPLIST_KEY_UIApplicationSupportsIndirectInputEvents = YES;
				INFOPLIST_KEY_UILaunchScreen_Generation = YES;
				INFOPLIST_KEY_UISupportedInterfaceOrientations_iPad = "UIInterfaceOrientationPortrait UIInterfaceOrientationPortraitUpsideDown UIInterfaceOrientationLandscapeLeft UIInterfaceOrientationLandscapeRight";
				INFOPLIST_KEY_UISupportedInterfaceOrientations_iPhone = "UIInterfaceOrientationPortrait UIInterfaceOrientationLandscapeLeft UIInterfaceOrientationLandscapeRight";
				IPHONEOS_DEPLOYMENT_TARGET = 16.6;
				LD_RUNPATH_SEARCH_PATHS = (
					"$(inherited)",
					"@executable_path/Frameworks",
				);
				MARKETING_VERSION = 1.0;
				PRODUCT_BUNDLE_IDENTIFIER = com.ivanovich.Hackathon2025;
				PRODUCT_NAME = "$(TARGET_NAME)";
				SWIFT_EMIT_LOC_STRINGS = YES;
				SWIFT_VERSION = 5.0;
				TARGETED_DEVICE_FAMILY = "1,2";
			};
			name = Release;
		};
		F334646C2DD30F77005B0AF4 /* Debug */ = {
			isa = XCBuildConfiguration;
			buildSettings = {
				BUNDLE_LOADER = "$(TEST_HOST)";
				CODE_SIGN_STYLE = Automatic;
				CURRENT_PROJECT_VERSION = 1;
				DEVELOPMENT_TEAM = M9G93NFLU2;
				GENERATE_INFOPLIST_FILE = YES;
				IPHONEOS_DEPLOYMENT_TARGET = 18.2;
				MARKETING_VERSION = 1.0;
				PRODUCT_BUNDLE_IDENTIFIER = com.ivanovich.Hackathon2025Tests;
				PRODUCT_NAME = "$(TARGET_NAME)";
				SWIFT_EMIT_LOC_STRINGS = NO;
				SWIFT_VERSION = 5.0;
				TARGETED_DEVICE_FAMILY = "1,2";
				TEST_HOST = "$(BUILT_PRODUCTS_DIR)/Hackathon2025.app/$(BUNDLE_EXECUTABLE_FOLDER_PATH)/Hackathon2025";
			};
			name = Debug;
		};
		F334646D2DD30F77005B0AF4 /* Release */ = {
			isa = XCBuildConfiguration;
			buildSettings = {
				BUNDLE_LOADER = "$(TEST_HOST)";
				CODE_SIGN_STYLE = Automatic;
				CURRENT_PROJECT_VERSION = 1;
				DEVELOPMENT_TEAM = M9G93NFLU2;
				GENERATE_INFOPLIST_FILE = YES;
				IPHONEOS_DEPLOYMENT_TARGET = 18.2;
				MARKETING_VERSION = 1.0;
				PRODUCT_BUNDLE_IDENTIFIER = com.ivanovich.Hackathon2025Tests;
				PRODUCT_NAME = "$(TARGET_NAME)";
				SWIFT_EMIT_LOC_STRINGS = NO;
				SWIFT_VERSION = 5.0;
				TARGETED_DEVICE_FAMILY = "1,2";
				TEST_HOST = "$(BUILT_PRODUCTS_DIR)/Hackathon2025.app/$(BUNDLE_EXECUTABLE_FOLDER_PATH)/Hackathon2025";
			};
			name = Release;
		};
		F334646F2DD30F77005B0AF4 /* Debug */ = {
			isa = XCBuildConfiguration;
			buildSettings = {
				CODE_SIGN_STYLE = Automatic;
				CURRENT_PROJECT_VERSION = 1;
				DEVELOPMENT_TEAM = M9G93NFLU2;
				GENERATE_INFOPLIST_FILE = YES;
				MARKETING_VERSION = 1.0;
				PRODUCT_BUNDLE_IDENTIFIER = com.ivanovich.Hackathon2025UITests;
				PRODUCT_NAME = "$(TARGET_NAME)";
				SWIFT_EMIT_LOC_STRINGS = NO;
				SWIFT_VERSION = 5.0;
				TARGETED_DEVICE_FAMILY = "1,2";
				TEST_TARGET_NAME = Hackathon2025;
			};
			name = Debug;
		};
		F33464702DD30F77005B0AF4 /* Release */ = {
			isa = XCBuildConfiguration;
			buildSettings = {
				CODE_SIGN_STYLE = Automatic;
				CURRENT_PROJECT_VERSION = 1;
				DEVELOPMENT_TEAM = M9G93NFLU2;
				GENERATE_INFOPLIST_FILE = YES;
				MARKETING_VERSION = 1.0;
				PRODUCT_BUNDLE_IDENTIFIER = com.ivanovich.Hackathon2025UITests;
				PRODUCT_NAME = "$(TARGET_NAME)";
				SWIFT_EMIT_LOC_STRINGS = NO;
				SWIFT_VERSION = 5.0;
				TARGETED_DEVICE_FAMILY = "1,2";
				TEST_TARGET_NAME = Hackathon2025;
			};
			name = Release;
		};
/* End XCBuildConfiguration section */

/* Begin XCConfigurationList section */
		F334643F2DD30F76005B0AF4 /* Build configuration list for PBXProject "Hackathon2025" */ = {
			isa = XCConfigurationList;
			buildConfigurations = (
				F33464662DD30F77005B0AF4 /* Debug */,
				F33464672DD30F77005B0AF4 /* Release */,
			);
			defaultConfigurationIsVisible = 0;
			defaultConfigurationName = Release;
		};
		F33464682DD30F77005B0AF4 /* Build configuration list for PBXNativeTarget "Hackathon2025" */ = {
			isa = XCConfigurationList;
			buildConfigurations = (
				F33464692DD30F77005B0AF4 /* Debug */,
				F334646A2DD30F77005B0AF4 /* Release */,
			);
			defaultConfigurationIsVisible = 0;
			defaultConfigurationName = Release;
		};
		F334646B2DD30F77005B0AF4 /* Build configuration list for PBXNativeTarget "Hackathon2025Tests" */ = {
			isa = XCConfigurationList;
			buildConfigurations = (
				F334646C2DD30F77005B0AF4 /* Debug */,
				F334646D2DD30F77005B0AF4 /* Release */,
			);
			defaultConfigurationIsVisible = 0;
			defaultConfigurationName = Release;
		};
		F334646E2DD30F77005B0AF4 /* Build configuration list for PBXNativeTarget "Hackathon2025UITests" */ = {
			isa = XCConfigurationList;
			buildConfigurations = (
				F334646F2DD30F77005B0AF4 /* Debug */,
				F33464702DD30F77005B0AF4 /* Release */,
			);
			defaultConfigurationIsVisible = 0;
			defaultConfigurationName = Release;
		};
/* End XCConfigurationList section */
	};
	rootObject = F334643C2DD30F76005B0AF4 /* Project object */;
}
